{
  "name": "gist-audit-maker",
  "version": "0.0.1",
  "lockfileVersion": 1,
  "requires": true,
  "dependencies": {
    "debug": {
      "version": "2.6.9",
      "resolved": "https://registry.npmjs.org/debug/-/debug-2.6.9.tgz",
      "integrity": "sha512-bC7ElrdJaJnPbAP+1EotYvqZsb3ecl5wi6Bfi6BJTUcNowp6cvspg0jXznRTKDjm/E7AdgFBVeAPVMNcKGsHMA==",
      "requires": {
        "ms": "2.0.0"
      }
    },
    "dotenv": {
      "version": "6.2.0",
      "resolved": "https://registry.npmjs.org/dotenv/-/dotenv-6.2.0.tgz",
      "integrity": "sha512-HygQCKUBSFl8wKQZBSemMywRWcEDNidvNbjGVyZu3nbZ8qq9ubiPoGLMdRDpfSrpkkm9BXYFkpKxxFX38o/76w=="
    },
    "dotenv-safe": {
      "version": "6.1.0",
      "resolved": "https://registry.npmjs.org/dotenv-safe/-/dotenv-safe-6.1.0.tgz",
      "integrity": "sha512-O02OUTS+XmoRNZR4kRjJ9jlUGvQoXpMeTVVEBc8hUtgvPTgVZpsZH7TOocq4RVDpPrs2xGPwj6gIWjqRX+ErHA==",
      "requires": {
        "dotenv": "^6.1.0"
      }
    },
    "get-value": {
      "version": "3.0.1",
      "resolved": "https://registry.npmjs.org/get-value/-/get-value-3.0.1.tgz",
      "integrity": "sha512-mKZj9JLQrwMBtj5wxi6MH8Z5eSKaERpAwjg43dPtlGI1ZVEgH/qC7T8/6R2OBSUA+zzHBZgICsVJaEIV2tKTDA==",
      "requires": {
        "isobject": "^3.0.1"
      }
    },
    "gists": {
      "version": "2.0.0",
      "resolved": "https://registry.npmjs.org/gists/-/gists-2.0.0.tgz",
      "integrity": "sha512-EVSWDpq2/H9ITsXsjdPo9+i2MI9U4E6DirXwR7/t6Mqgnynlh9ta6RMyezIINVNhkXZTCttmiSISd7JNkI2rQw==",
      "requires": {
        "github-base": "^1.0.0"
      }
    },
    "github-base": {
      "version": "1.0.0",
      "resolved": "https://registry.npmjs.org/github-base/-/github-base-1.0.0.tgz",
      "integrity": "sha512-5A9OOCQWK80v+bjVRzdK0M/5UtERN9vx9TkJMlkiJA24wu/+lrQLsq5MPQIrSONrSWwt83eAPtBcuQOc2FyK8A==",
      "requires": {
        "get-value": "^3.0.1",
        "needle": "^2.2.2",
        "paged-request": "^1.0.2",
        "parse-link-header": "^1.0.1",
        "qs": "^6.5.1",
        "use": "^3.1.0"
      }
    },
    "iconv-lite": {
      "version": "0.4.24",
      "resolved": "https://registry.npmjs.org/iconv-lite/-/iconv-lite-0.4.24.tgz",
      "integrity": "sha512-v3MXnZAcvnywkTUEZomIActle7RXXeedOR31wwl7VlyoXO4Qi9arvSenNQWne1TcRwhCL1HwLI21bEqdpj8/rA==",
      "requires": {
        "safer-buffer": ">= 2.1.2 < 3"
      }
    },
    "isobject": {
      "version": "3.0.1",
      "resolved": "https://registry.npmjs.org/isobject/-/isobject-3.0.1.tgz",
      "integrity": "sha1-TkMekrEalzFjaqH5yNHMvP2reN8="
    },
    "ms": {
      "version": "2.0.0",
      "resolved": "https://registry.npmjs.org/ms/-/ms-2.0.0.tgz",
      "integrity": "sha1-VgiurfwAvmwpAd9fmGF4jeDVl8g="
    },
    "needle": {
      "version": "2.2.4",
      "resolved": "https://registry.npmjs.org/needle/-/needle-2.2.4.tgz",
      "integrity": "sha512-HyoqEb4wr/rsoaIDfTH2aVL9nWtQqba2/HvMv+++m8u0dz808MaagKILxtfeSN7QU7nvbQ79zk3vYOJp9zsNEA==",
      "requires": {
        "debug": "^2.1.2",
        "iconv-lite": "^0.4.4",
        "sax": "^1.2.4"
      }
    },
    "paged-request": {
      "version": "1.0.2",
      "resolved": "https://registry.npmjs.org/paged-request/-/paged-request-1.0.2.tgz",
      "integrity": "sha512-2NXKpT0pWoVo31LQhGOfsqD8wViifq6Ml28H8WrqY0GbMvltvpDPx1YZ6jMeVXNbywjECdEhmC2/uFFS1MdMFQ==",
      "requires": {
        "needle": "^2.1.1"
      }
    },
    "parse-link-header": {
      "version": "1.0.1",
      "resolved": "https://registry.npmjs.org/parse-link-header/-/parse-link-header-1.0.1.tgz",
      "integrity": "sha1-vt/g0hGK64S+deewJUGeyKYRQKc=",
      "requires": {
        "xtend": "~4.0.1"
      }
    },
    "qs": {
      "version": "6.6.0",
      "resolved": "https://registry.npmjs.org/qs/-/qs-6.6.0.tgz",
      "integrity": "sha512-KIJqT9jQJDQx5h5uAVPimw6yVg2SekOKu959OCtktD3FjzbpvaPr8i4zzg07DOMz+igA4W/aNM7OV8H37pFYfA=="
    },
    "safer-buffer": {
      "version": "2.1.2",
      "resolved": "https://registry.npmjs.org/safer-buffer/-/safer-buffer-2.1.2.tgz",
      "integrity": "sha512-YZo3K82SD7Riyi0E1EQPojLz7kpepnSQI9IyPbHHg1XXXevb5dJI7tpyN2ADxGcQbHG7vcyRHk0cbwqcQriUtg=="
    },
    "sax": {
      "version": "1.2.4",
      "resolved": "https://registry.npmjs.org/sax/-/sax-1.2.4.tgz",
      "integrity": "sha512-NqVDv9TpANUjFm0N8uM5GxL36UgKi9/atZw+x7YFnQ8ckwFGKrl4xX4yWtrey3UJm5nP1kUbnYgLopqWNSRhWw=="
    },
    "use": {
      "version": "3.1.1",
      "resolved": "https://registry.npmjs.org/use/-/use-3.1.1.tgz",
      "integrity": "sha512-cwESVXlO3url9YWlFW/TA9cshCEhtu7IKJ/p5soJ/gGpj7vbvFrAY/eIioQ6Dw23KjZhYgiIo8HOs1nQ2vr/oQ=="
    },
    "xtend": {
      "version": "4.0.1",
      "resolved": "https://registry.npmjs.org/xtend/-/xtend-4.0.1.tgz",
      "integrity": "sha1-pcbVMr5lbiPbgg77lDofBJmNY68="
    }
  }
}
